// !$*UTF8*$!
{
	archiveVersion = 1;
	classes = {
	};
	objectVersion = 50;
	objects = {

/* Begin PBXBuildFile section */
		C66D58F521A7221D0058101B /* AppDelegate.swift in Sources */ = {isa = PBXBuildFile; fileRef = C66D58F421A7221D0058101B /* AppDelegate.swift */; };
		C66D58F721A7221D0058101B /* ViewController.swift in Sources */ = {isa = PBXBuildFile; fileRef = C66D58F621A7221D0058101B /* ViewController.swift */; };
		C66D58FA21A7221D0058101B /* Main.storyboard in Resources */ = {isa = PBXBuildFile; fileRef = C66D58F821A7221D0058101B /* Main.storyboard */; };
		C66D58FC21A7221E0058101B /* Assets.xcassets in Resources */ = {isa = PBXBuildFile; fileRef = C66D58FB21A7221E0058101B /* Assets.xcassets */; };
		C66D58FF21A7221E0058101B /* LaunchScreen.storyboard in Resources */ = {isa = PBXBuildFile; fileRef = C66D58FD21A7221E0058101B /* LaunchScreen.storyboard */; };
		C66D590A21A7221E0058101B /* SampleTests.swift in Sources */ = {isa = PBXBuildFile; fileRef = C66D590921A7221E0058101B /* SampleTests.swift */; };
		C66D591521A7221E0058101B /* SampleUITests.swift in Sources */ = {isa = PBXBuildFile; fileRef = C66D591421A7221E0058101B /* SampleUITests.swift */; };
		C6C2D18921B2810E0091BEF4 /* NativeAlert.swift in Sources */ = {isa = PBXBuildFile; fileRef = C6C2D18821B2810E0091BEF4 /* NativeAlert.swift */; };
/* End PBXBuildFile section */

/* Begin PBXContainerItemProxy section */
		C66D590621A7221E0058101B /* PBXContainerItemProxy */ = {
			isa = PBXContainerItemProxy;
			containerPortal = C66D58E921A7221D0058101B /* Project object */;
			proxyType = 1;
			remoteGlobalIDString = C66D58F021A7221D0058101B;
			remoteInfo = Sample;
		};
		C66D591121A7221E0058101B /* PBXContainerItemProxy */ = {
			isa = PBXContainerItemProxy;
			containerPortal = C66D58E921A7221D0058101B /* Project object */;
			proxyType = 1;
			remoteGlobalIDString = C66D58F021A7221D0058101B;
			remoteInfo = Sample;
		};
/* End PBXContainerItemProxy section */

/* Begin PBXFileReference section */
		C66D58F121A7221D0058101B /* Sample.app */ = {isa = PBXFileReference; explicitFileType = wrapper.application; includeInIndex = 0; path = Sample.app; sourceTree = BUILT_PRODUCTS_DIR; };
		C66D58F421A7221D0058101B /* AppDelegate.swift */ = {isa = PBXFileReference; lastKnownFileType = sourcecode.swift; path = AppDelegate.swift; sourceTree = "<group>"; };
		C66D58F621A7221D0058101B /* ViewController.swift */ = {isa = PBXFileReference; lastKnownFileType = sourcecode.swift; path = ViewController.swift; sourceTree = "<group>"; };
		C66D58F921A7221D0058101B /* Base */ = {isa = PBXFileReference; lastKnownFileType = file.storyboard; name = Base; path = Base.lproj/Main.storyboard; sourceTree = "<group>"; };
		C66D58FB21A7221E0058101B /* Assets.xcassets */ = {isa = PBXFileReference; lastKnownFileType = folder.assetcatalog; path = Assets.xcassets; sourceTree = "<group>"; };
		C66D58FE21A7221E0058101B /* Base */ = {isa = PBXFileReference; lastKnownFileType = file.storyboard; name = Base; path = Base.lproj/LaunchScreen.storyboard; sourceTree = "<group>"; };
		C66D590021A7221E0058101B /* Info.plist */ = {isa = PBXFileReference; lastKnownFileType = text.plist.xml; path = Info.plist; sourceTree = "<group>"; };
		C66D590521A7221E0058101B /* SampleTests.xctest */ = {isa = PBXFileReference; explicitFileType = wrapper.cfbundle; includeInIndex = 0; path = SampleTests.xctest; sourceTree = BUILT_PRODUCTS_DIR; };
		C66D590921A7221E0058101B /* SampleTests.swift */ = {isa = PBXFileReference; lastKnownFileType = sourcecode.swift; path = SampleTests.swift; sourceTree = "<group>"; };
		C66D590B21A7221E0058101B /* Info.plist */ = {isa = PBXFileReference; lastKnownFileType = text.plist.xml; path = Info.plist; sourceTree = "<group>"; };
		C66D591021A7221E0058101B /* SampleUITests.xctest */ = {isa = PBXFileReference; explicitFileType = wrapper.cfbundle; includeInIndex = 0; path = SampleUITests.xctest; sourceTree = BUILT_PRODUCTS_DIR; };
		C66D591421A7221E0058101B /* SampleUITests.swift */ = {isa = PBXFileReference; lastKnownFileType = sourcecode.swift; path = SampleUITests.swift; sourceTree = "<group>"; };
		C66D591621A7221E0058101B /* Info.plist */ = {isa = PBXFileReference; lastKnownFileType = text.plist.xml; path = Info.plist; sourceTree = "<group>"; };
		C6C2D18821B2810E0091BEF4 /* NativeAlert.swift */ = {isa = PBXFileReference; lastKnownFileType = sourcecode.swift; path = NativeAlert.swift; sourceTree = "<group>"; };
/* End PBXFileReference section */

/* Begin PBXFrameworksBuildPhase section */
		C66D58EE21A7221D0058101B /* Frameworks */ = {
			isa = PBXFrameworksBuildPhase;
			buildActionMask = 2147483647;
			files = (
			);
			runOnlyForDeploymentPostprocessing = 0;
		};
		C66D590221A7221E0058101B /* Frameworks */ = {
			isa = PBXFrameworksBuildPhase;
			buildActionMask = 2147483647;
			files = (
			);
			runOnlyForDeploymentPostprocessing = 0;
		};
		C66D590D21A7221E0058101B /* Frameworks */ = {
			isa = PBXFrameworksBuildPhase;
			buildActionMask = 2147483647;
			files = (
			);
			runOnlyForDeploymentPostprocessing = 0;
		};
/* End PBXFrameworksBuildPhase section */

/* Begin PBXGroup section */
		C66D58E821A7221D0058101B = {
			isa = PBXGroup;
			children = (
				C66D58F321A7221D0058101B /* Sample */,
				C66D590821A7221E0058101B /* SampleTests */,
				C66D591321A7221E0058101B /* SampleUITests */,
				C66D58F221A7221D0058101B /* Products */,
			);
			sourceTree = "<group>";
		};
		C66D58F221A7221D0058101B /* Products */ = {
			isa = PBXGroup;
			children = (
				C66D58F121A7221D0058101B /* Sample.app */,
				C66D590521A7221E0058101B /* SampleTests.xctest */,
				C66D591021A7221E0058101B /* SampleUITests.xctest */,
			);
			name = Products;
			sourceTree = "<group>";
		};
		C66D58F321A7221D0058101B /* Sample */ = {
			isa = PBXGroup;
			children = (
				C66D58F421A7221D0058101B /* AppDelegate.swift */,
				C66D58F621A7221D0058101B /* ViewController.swift */,
				C6C2D18821B2810E0091BEF4 /* NativeAlert.swift */,
				C66D58F821A7221D0058101B /* Main.storyboard */,
				C66D58FB21A7221E0058101B /* Assets.xcassets */,
				C66D58FD21A7221E0058101B /* LaunchScreen.storyboard */,
				C66D590021A7221E0058101B /* Info.plist */,
			);
			path = Sample;
			sourceTree = "<group>";
		};
		C66D590821A7221E0058101B /* SampleTests */ = {
			isa = PBXGroup;
			children = (
				C66D590921A7221E0058101B /* SampleTests.swift */,
				C66D590B21A7221E0058101B /* Info.plist */,
			);
			path = SampleTests;
			sourceTree = "<group>";
		};
		C66D591321A7221E0058101B /* SampleUITests */ = {
			isa = PBXGroup;
			children = (
				C66D591421A7221E0058101B /* SampleUITests.swift */,
				C66D591621A7221E0058101B /* Info.plist */,
			);
			path = SampleUITests;
			sourceTree = "<group>";
		};
/* End PBXGroup section */

/* Begin PBXNativeTarget section */
		C66D58F021A7221D0058101B /* Sample */ = {
			isa = PBXNativeTarget;
			buildConfigurationList = C66D591921A7221E0058101B /* Build configuration list for PBXNativeTarget "Sample" */;
			buildPhases = (
				C66D58ED21A7221D0058101B /* Sources */,
				C66D58EE21A7221D0058101B /* Frameworks */,
				C66D58EF21A7221D0058101B /* Resources */,
			);
			buildRules = (
			);
			dependencies = (
			);
			name = Sample;
			productName = Sample;
			productReference = C66D58F121A7221D0058101B /* Sample.app */;
			productType = "com.apple.product-type.application";
		};
		C66D590421A7221E0058101B /* SampleTests */ = {
			isa = PBXNativeTarget;
			buildConfigurationList = C66D591C21A7221E0058101B /* Build configuration list for PBXNativeTarget "SampleTests" */;
			buildPhases = (
				C66D590121A7221E0058101B /* Sources */,
				C66D590221A7221E0058101B /* Frameworks */,
				C66D590321A7221E0058101B /* Resources */,
			);
			buildRules = (
			);
			dependencies = (
				C66D590721A7221E0058101B /* PBXTargetDependency */,
			);
			name = SampleTests;
			productName = SampleTests;
			productReference = C66D590521A7221E0058101B /* SampleTests.xctest */;
			productType = "com.apple.product-type.bundle.unit-test";
		};
		C66D590F21A7221E0058101B /* SampleUITests */ = {
			isa = PBXNativeTarget;
			buildConfigurationList = C66D591F21A7221E0058101B /* Build configuration list for PBXNativeTarget "SampleUITests" */;
			buildPhases = (
				C66D590C21A7221E0058101B /* Sources */,
				C66D590D21A7221E0058101B /* Frameworks */,
				C66D590E21A7221E0058101B /* Resources */,
			);
			buildRules = (
			);
			dependencies = (
				C66D591221A7221E0058101B /* PBXTargetDependency */,
			);
			name = SampleUITests;
			productName = SampleUITests;
			productReference = C66D591021A7221E0058101B /* SampleUITests.xctest */;
			productType = "com.apple.product-type.bundle.ui-testing";
		};
/* End PBXNativeTarget section */

/* Begin PBXProject section */
		C66D58E921A7221D0058101B /* Project object */ = {
			isa = PBXProject;
			attributes = {
				LastSwiftUpdateCheck = 1000;
				LastUpgradeCheck = 1000;
				ORGANIZATIONNAME = "Durga Prasad";
				TargetAttributes = {
					C66D58F021A7221D0058101B = {
						CreatedOnToolsVersion = 10.0;
					};
					C66D590421A7221E0058101B = {
						CreatedOnToolsVersion = 10.0;
						TestTargetID = C66D58F021A7221D0058101B;
					};
					C66D590F21A7221E0058101B = {
						CreatedOnToolsVersion = 10.0;
						TestTargetID = C66D58F021A7221D0058101B;
					};
				};
			};
			buildConfigurationList = C66D58EC21A7221D0058101B /* Build configuration list for PBXProject "Sample" */;
			compatibilityVersion = "Xcode 9.3";
			developmentRegion = en;
			hasScannedForEncodings = 0;
			knownRegions = (
				en,
				Base,
			);
			mainGroup = C66D58E821A7221D0058101B;
			productRefGroup = C66D58F221A7221D0058101B /* Products */;
			projectDirPath = "";
			projectRoot = "";
			targets = (
				C66D58F021A7221D0058101B /* Sample */,
				C66D590421A7221E0058101B /* SampleTests */,
				C66D590F21A7221E0058101B /* SampleUITests */,
			);
		};
/* End PBXProject section */

/* Begin PBXResourcesBuildPhase section */
		C66D58EF21A7221D0058101B /* Resources */ = {
			isa = PBXResourcesBuildPhase;
			buildActionMask = 2147483647;
			files = (
				C66D58FF21A7221E0058101B /* LaunchScreen.storyboard in Resources */,
				C66D58FC21A7221E0058101B /* Assets.xcassets in Resources */,
				C66D58FA21A7221D0058101B /* Main.storyboard in Resources */,
			);
			runOnlyForDeploymentPostprocessing = 0;
		};
		C66D590321A7221E0058101B /* Resources */ = {
			isa = PBXResourcesBuildPhase;
			buildActionMask = 2147483647;
			files = (
			);
			runOnlyForDeploymentPostprocessing = 0;
		};
		C66D590E21A7221E0058101B /* Resources */ = {
			isa = PBXResourcesBuildPhase;
			buildActionMask = 2147483647;
			files = (
			);
			runOnlyForDeploymentPostprocessing = 0;
		};
/* End PBXResourcesBuildPhase section */

/* Begin PBXSourcesBuildPhase section */
		C66D58ED21A7221D0058101B /* Sources */ = {
			isa = PBXSourcesBuildPhase;
			buildActionMask = 2147483647;
			files = (
				C6C2D18921B2810E0091BEF4 /* NativeAlert.swift in Sources */,
				C66D58F721A7221D0058101B /* ViewController.swift in Sources */,
				C66D58F521A7221D0058101B /* AppDelegate.swift in Sources */,
			);
			runOnlyForDeploymentPostprocessing = 0;
		};
		C66D590121A7221E0058101B /* Sources */ = {
			isa = PBXSourcesBuildPhase;
			buildActionMask = 2147483647;
			files = (
				C66D590A21A7221E0058101B /* SampleTests.swift in Sources */,
			);
			runOnlyForDeploymentPostprocessing = 0;
		};
		C66D590C21A7221E0058101B /* Sources */ = {
			isa = PBXSourcesBuildPhase;
			buildActionMask = 2147483647;
			files = (
				C66D591521A7221E0058101B /* SampleUITests.swift in Sources */,
			);
			runOnlyForDeploymentPostprocessing = 0;
		};
/* End PBXSourcesBuildPhase section */

/* Begin PBXTargetDependency section */
		C66D590721A7221E0058101B /* PBXTargetDependency */ = {
			isa = PBXTargetDependency;
			target = C66D58F021A7221D0058101B /* Sample */;
			targetProxy = C66D590621A7221E0058101B /* PBXContainerItemProxy */;
		};
		C66D591221A7221E0058101B /* PBXTargetDependency */ = {
			isa = PBXTargetDependency;
			target = C66D58F021A7221D0058101B /* Sample */;
			targetProxy = C66D591121A7221E0058101B /* PBXContainerItemProxy */;
		};
/* End PBXTargetDependency section */

/* Begin PBXVariantGroup section */
		C66D58F821A7221D0058101B /* Main.storyboard */ = {
			isa = PBXVariantGroup;
			children = (
				C66D58F921A7221D0058101B /* Base */,
			);
			name = Main.storyboard;
			sourceTree = "<group>";
		};
		C66D58FD21A7221E0058101B /* LaunchScreen.storyboard */ = {
			isa = PBXVariantGroup;
			children = (
				C66D58FE21A7221E0058101B /* Base */,
			);
			name = LaunchScreen.storyboard;
			sourceTree = "<group>";
		};
/* End PBXVariantGroup section */

/* Begin XCBuildConfiguration section */
		C66D591721A7221E0058101B /* Debug */ = {
			isa = XCBuildConfiguration;
			buildSettings = {
				ALWAYS_SEARCH_USER_PATHS = NO;
				CLANG_ANALYZER_NONNULL = YES;
				CLANG_ANALYZER_NUMBER_OBJECT_CONVERSION = YES_AGGRESSIVE;
				CLANG_CXX_LANGUAGE_STANDARD = "gnu++14";
				CLANG_CXX_LIBRARY = "libc++";
				CLANG_ENABLE_MODULES = YES;
				CLANG_ENABLE_OBJC_ARC = YES;
				CLANG_ENABLE_OBJC_WEAK = YES;
				CLANG_WARN_BLOCK_CAPTURE_AUTORELEASING = YES;
				CLANG_WARN_BOOL_CONVERSION = YES;
				CLANG_WARN_COMMA = YES;
				CLANG_WARN_CONSTANT_CONVERSION = YES;
				CLANG_WARN_DEPRECATED_OBJC_IMPLEMENTATIONS = YES;
				CLANG_WARN_DIRECT_OBJC_ISA_USAGE = YES_ERROR;
				CLANG_WARN_DOCUMENTATION_COMMENTS = YES;
				CLANG_WARN_EMPTY_BODY = YES;
				CLANG_WARN_ENUM_CONVERSION = YES;
				CLANG_WARN_INFINITE_RECURSION = YES;
				CLANG_WARN_INT_CONVERSION = YES;
				CLANG_WARN_NON_LITERAL_NULL_CONVERSION = YES;
				CLANG_WARN_OBJC_IMPLICIT_RETAIN_SELF = YES;
				CLANG_WARN_OBJC_LITERAL_CONVERSION = YES;
				CLANG_WARN_OBJC_ROOT_CLASS = YES_ERROR;
				CLANG_WARN_RANGE_LOOP_ANALYSIS = YES;
				CLANG_WARN_STRICT_PROTOTYPES = YES;
				CLANG_WARN_SUSPICIOUS_MOVE = YES;
				CLANG_WARN_UNGUARDED_AVAILABILITY = YES_AGGRESSIVE;
				CLANG_WARN_UNREACHABLE_CODE = YES;
				CLANG_WARN__DUPLICATE_METHOD_MATCH = YES;
				CODE_SIGN_IDENTITY = "iPhone Developer";
				COPY_PHASE_STRIP = NO;
				DEBUG_INFORMATION_FORMAT = dwarf;
				ENABLE_STRICT_OBJC_MSGSEND = YES;
				ENABLE_TESTABILITY = YES;
				GCC_C_LANGUAGE_STANDARD = gnu11;
				GCC_DYNAMIC_NO_PIC = NO;
				GCC_NO_COMMON_BLOCKS = YES;
				GCC_OPTIMIZATION_LEVEL = 0;
				GCC_PREPROCESSOR_DEFINITIONS = (
					"DEBUG=1",
					"$(inherited)",
				);
				GCC_WARN_64_TO_32_BIT_CONVERSION = YES;
				GCC_WARN_ABOUT_RETURN_TYPE = YES_ERROR;
				GCC_WARN_UNDECLARED_SELECTOR = YES;
				GCC_WARN_UNINITIALIZED_AUTOS = YES_AGGRESSIVE;
				GCC_WARN_UNUSED_FUNCTION = YES;
				GCC_WARN_UNUSED_VARIABLE = YES;
				IPHONEOS_DEPLOYMENT_TARGET = 12.0;
				MTL_ENABLE_DEBUG_INFO = INCLUDE_SOURCE;
				MTL_FAST_MATH = YES;
				ONLY_ACTIVE_ARCH = YES;
				SDKROOT = iphoneos;
				SWIFT_ACTIVE_COMPILATION_CONDITIONS = DEBUG;
				SWIFT_OPTIMIZATION_LEVEL = "-Onone";
			};
			name = Debug;
		};
		C66D591821A7221E0058101B /* Release */ = {
			isa = XCBuildConfiguration;
			buildSettings = {
				ALWAYS_SEARCH_USER_PATHS = NO;
				CLANG_ANALYZER_NONNULL = YES;
				CLANG_ANALYZER_NUMBER_OBJECT_CONVERSION = YES_AGGRESSIVE;
				CLANG_CXX_LANGUAGE_STANDARD = "gnu++14";
				CLANG_CXX_LIBRARY = "libc++";
				CLANG_ENABLE_MODULES = YES;
				CLANG_ENABLE_OBJC_ARC = YES;
				CLANG_ENABLE_OBJC_WEAK = YES;
				CLANG_WARN_BLOCK_CAPTURE_AUTORELEASING = YES;
				CLANG_WARN_BOOL_CONVERSION = YES;
				CLANG_WARN_COMMA = YES;
				CLANG_WARN_CONSTANT_CONVERSION = YES;
				CLANG_WARN_DEPRECATED_OBJC_IMPLEMENTATIONS = YES;
				CLANG_WARN_DIRECT_OBJC_ISA_USAGE = YES_ERROR;
				CLANG_WARN_DOCUMENTATION_COMMENTS = YES;
				CLANG_WARN_EMPTY_BODY = YES;
				CLANG_WARN_ENUM_CONVERSION = YES;
				CLANG_WARN_INFINITE_RECURSION = YES;
				CLANG_WARN_INT_CONVERSION = YES;
				CLANG_WARN_NON_LITERAL_NULL_CONVERSION = YES;
				CLANG_WARN_OBJC_IMPLICIT_RETAIN_SELF = YES;
				CLANG_WARN_OBJC_LITERAL_CONVERSION = YES;
				CLANG_WARN_OBJC_ROOT_CLASS = YES_ERROR;
				CLANG_WARN_RANGE_LOOP_ANALYSIS = YES;
				CLANG_WARN_STRICT_PROTOTYPES = YES;
				CLANG_WARN_SUSPICIOUS_MOVE = YES;
				CLANG_WARN_UNGUARDED_AVAILABILITY = YES_AGGRESSIVE;
				CLANG_WARN_UNREACHABLE_CODE = YES;
				CLANG_WARN__DUPLICATE_METHOD_MATCH = YES;
				CODE_SIGN_IDENTITY = "iPhone Developer";
				COPY_PHASE_STRIP = NO;
				DEBUG_INFORMATION_FORMAT = "dwarf-with-dsym";
				ENABLE_NS_ASSERTIONS = NO;
				ENABLE_STRICT_OBJC_MSGSEND = YES;
				GCC_C_LANGUAGE_STANDARD = gnu11;
				GCC_NO_COMMON_BLOCKS = YES;
				GCC_WARN_64_TO_32_BIT_CONVERSION = YES;
				GCC_WARN_ABOUT_RETURN_TYPE = YES_ERROR;
				GCC_WARN_UNDECLARED_SELECTOR = YES;
				GCC_WARN_UNINITIALIZED_AUTOS = YES_AGGRESSIVE;
				GCC_WARN_UNUSED_FUNCTION = YES;
				GCC_WARN_UNUSED_VARIABLE = YES;
				IPHONEOS_DEPLOYMENT_TARGET = 12.0;
				MTL_ENABLE_DEBUG_INFO = NO;
				MTL_FAST_MATH = YES;
				SDKROOT = iphoneos;
				SWIFT_COMPILATION_MODE = wholemodule;
				SWIFT_OPTIMIZATION_LEVEL = "-O";
				VALIDATE_PRODUCT = YES;
			};
			name = Release;
		};
		C66D591A21A7221E0058101B /* Debug */ = {
			isa = XCBuildConfiguration;
			buildSettings = {
				ASSETCATALOG_COMPILER_APPICON_NAME = AppIcon;
				CODE_SIGN_STYLE = Automatic;
				INFOPLIST_FILE = Sample/Info.plist;
				LD_RUNPATH_SEARCH_PATHS = (
					"$(inherited)",
					"@executable_path/Frameworks",
				);
				PRODUCT_BUNDLE_IDENTIFIER = Durga.Sample;
				PRODUCT_NAME = "$(TARGET_NAME)";
				SWIFT_VERSION = 4.2;
				TARGETED_DEVICE_FAMILY = "1,2";
			};
			name = Debug;
		};
		C66D591B21A7221E0058101B /* Release */ = {
			isa = XCBuildConfiguration;
			buildSettings = {
				ASSETCATALOG_COMPILER_APPICON_NAME = AppIcon;
				CODE_SIGN_STYLE = Automatic;
				INFOPLIST_FILE = Sample/Info.plist;
				LD_RUNPATH_SEARCH_PATHS = (
					"$(inherited)",
					"@executable_path/Frameworks",
				);
				PRODUCT_BUNDLE_IDENTIFIER = Durga.Sample;
				PRODUCT_NAME = "$(TARGET_NAME)";
				SWIFT_VERSION = 4.2;
				TARGETED_DEVICE_FAMILY = "1,2";
			};
			name = Release;
		};
		C66D591D21A7221E0058101B /* Debug */ = {
			isa = XCBuildConfiguration;
			buildSettings = {
				ALWAYS_EMBED_SWIFT_STANDARD_LIBRARIES = YES;
				BUNDLE_LOADER = "$(TEST_HOST)";
				CODE_SIGN_STYLE = Automatic;
				INFOPLIST_FILE = SampleTests/Info.plist;
				LD_RUNPATH_SEARCH_PATHS = (
					"$(inherited)",
					"@executable_path/Frameworks",
					"@loader_path/Frameworks",
				);
				PRODUCT_BUNDLE_IDENTIFIER = Durga.SampleTests;
				PRODUCT_NAME = "$(TARGET_NAME)";
				SWIFT_VERSION = 4.2;
				TARGETED_DEVICE_FAMILY = "1,2";
				TEST_HOST = "$(BUILT_PRODUCTS_DIR)/Sample.app/Sample";
			};
			name = Debug;
		};
		C66D591E21A7221E0058101B /* Release */ = {
			isa = XCBuildConfiguration;
			buildSettings = {
				ALWAYS_EMBED_SWIFT_STANDARD_LIBRARIES = YES;
				BUNDLE_LOADER = "$(TEST_HOST)";
				CODE_SIGN_STYLE = Automatic;
				INFOPLIST_FILE = SampleTests/Info.plist;
				LD_RUNPATH_SEARCH_PATHS = (
					"$(inherited)",
					"@executable_path/Frameworks",
					"@loader_path/Frameworks",
				);
				PRODUCT_BUNDLE_IDENTIFIER = Durga.SampleTests;
				PRODUCT_NAME = "$(TARGET_NAME)";
				SWIFT_VERSION = 4.2;
				TARGETED_DEVICE_FAMILY = "1,2";
				TEST_HOST = "$(BUILT_PRODUCTS_DIR)/Sample.app/Sample";
			};
			name = Release;
		};
		C66D592021A7221E0058101B /* Debug */ = {
			isa = XCBuildConfiguration;
			buildSettings = {
				ALWAYS_EMBED_SWIFT_STANDARD_LIBRARIES = YES;
				CODE_SIGN_STYLE = Automatic;
				INFOPLIST_FILE = SampleUITests/Info.plist;
				LD_RUNPATH_SEARCH_PATHS = (
					"$(inherited)",
					"@executable_path/Frameworks",
					"@loader_path/Frameworks",
				);
				PRODUCT_BUNDLE_IDENTIFIER = Durga.SampleUITests;
				PRODUCT_NAME = "$(TARGET_NAME)";
				SWIFT_VERSION = 4.2;
				TARGETED_DEVICE_FAMILY = "1,2";
				TEST_TARGET_NAME = Sample;
			};
			name = Debug;
		};
		C66D592121A7221E0058101B /* Release */ = {
			isa = XCBuildConfiguration;
			buildSettings = {
				ALWAYS_EMBED_SWIFT_STANDARD_LIBRARIES = YES;
				CODE_SIGN_STYLE = Automatic;
				INFOPLIST_FILE = SampleUITests/Info.plist;
				LD_RUNPATH_SEARCH_PATHS = (
					"$(inherited)",
					"@executable_path/Frameworks",
					"@loader_path/Frameworks",
				);
				PRODUCT_BUNDLE_IDENTIFIER = Durga.SampleUITests;
				PRODUCT_NAME = "$(TARGET_NAME)";
				SWIFT_VERSION = 4.2;
				TARGETED_DEVICE_FAMILY = "1,2";
				TEST_TARGET_NAME = Sample;
			};
			name = Release;
		};
/* End XCBuildConfiguration section */

/* Begin XCConfigurationList section */
		C66D58EC21A7221D0058101B /* Build configuration list for PBXProject "Sample" */ = {
			isa = XCConfigurationList;
			buildConfigurations = (
				C66D591721A7221E0058101B /* Debug */,
				C66D591821A7221E0058101B /* Release */,
			);
			defaultConfigurationIsVisible = 0;
			defaultConfigurationName = Release;
		};
		C66D591921A7221E0058101B /* Build configuration list for PBXNativeTarget "Sample" */ = {
			isa = XCConfigurationList;
			buildConfigurations = (
				C66D591A21A7221E0058101B /* Debug */,
				C66D591B21A7221E0058101B /* Release */,
			);
			defaultConfigurationIsVisible = 0;
			defaultConfigurationName = Release;
		};
		C66D591C21A7221E0058101B /* Build configuration list for PBXNativeTarget "SampleTests" */ = {
			isa = XCConfigurationList;
			buildConfigurations = (
				C66D591D21A7221E0058101B /* Debug */,
				C66D591E21A7221E0058101B /* Release */,
			);
			defaultConfigurationIsVisible = 0;
			defaultConfigurationName = Release;
		};
		C66D591F21A7221E0058101B /* Build configuration list for PBXNativeTarget "SampleUITests" */ = {
			isa = XCConfigurationList;
			buildConfigurations = (
				C66D592021A7221E0058101B /* Debug */,
				C66D592121A7221E0058101B /* Release */,
			);
			defaultConfigurationIsVisible = 0;
			defaultConfigurationName = Release;
		};
/* End XCConfigurationList section */
	};
	rootObject = C66D58E921A7221D0058101B /* Project object */;
}
